
Microsoft Visual Studio Solution File, Format Version 12.00
# Visual Studio Version 17
VisualStudioVersion = 17.0.31423.177
MinimumVisualStudioVersion = 10.0.40219.1
Project("{FAE04EC0-301F-11D3-BF4B-00C04F79EFBC}") = "MTGProxyTutor", "MTGProxyTutor\MTGProxyTutor.csproj", "{1A8D9B6D-D3BA-4514-B015-9A09B4D4FE51}"
EndProject
Project("{FAE04EC0-301F-11D3-BF4B-00C04F79EFBC}") = "MTGProxyTutor.ConsoleApp", "MTGProxyTutor.ConsoleApp\MTGProxyTutor.ConsoleApp.csproj", "{EDD48EA1-7C4F-404E-AD3D-F8C44002B993}"
EndProject
Project("{FAE04EC0-301F-11D3-BF4B-00C04F79EFBC}") = "MTGProxyTutor.Contracts", "MTGProxyTutor.Contracts\MTGProxyTutor.Contracts.csproj", "{D2B76775-CBB5-4C7C-874B-8EAF47B6EFAF}"
EndProject
Project("{FAE04EC0-301F-11D3-BF4B-00C04F79EFBC}") = "MTGProxyTutor.BusinessLogic", "MTGProxyTutor.BusinessLogic\MTGProxyTutor.BusinessLogic.csproj", "{04FAE6B9-37D2-4519-9C79-E0BDF303B4C5}"
EndProject
Project("{FAE04EC0-301F-11D3-BF4B-00C04F79EFBC}") = "MTGProxyTutor.DependencyInjection", "MTGProxyTutor.DependencyInjection\MTGProxyTutor.DependencyInjection.csproj", "{F89DE8F3-4CEE-4354-922A-840E736659FE}"
EndProject
Project("{FAE04EC0-301F-11D3-BF4B-00C04F79EFBC}") = "MTGProxyTutor.Scryfall", "MTGProxyTutor.Scryfall\MTGProxyTutor.Scryfall.csproj", "{5C22410A-8862-4BA4-92F3-3B21C6C63206}"
EndProject
Project("{FAE04EC0-301F-11D3-BF4B-00C04F79EFBC}") = "MTGProxyTutor.MtGIO", "MTGProxyTutor.MtGIO\MTGProxyTutor.MtGIO.csproj", "{24D3F6E4-36AC-414B-BC51-08731602A6F2}"
EndProject
Global
	GlobalSection(SolutionConfigurationPlatforms) = preSolution
		Debug|Any CPU = Debug|Any CPU
		Release|Any CPU = Release|Any CPU
	EndGlobalSection
	GlobalSection(ProjectConfigurationPlatforms) = postSolution
		{1A8D9B6D-D3BA-4514-B015-9A09B4D4FE51}.Debug|Any CPU.ActiveCfg = Debug|Any CPU
		{1A8D9B6D-D3BA-4514-B015-9A09B4D4FE51}.Debug|Any CPU.Build.0 = Debug|Any CPU
		{1A8D9B6D-D3BA-4514-B015-9A09B4D4FE51}.Release|Any CPU.ActiveCfg = Release|Any CPU
		{1A8D9B6D-D3BA-4514-B015-9A09B4D4FE51}.Release|Any CPU.Build.0 = Release|Any CPU
		{EDD48EA1-7C4F-404E-AD3D-F8C44002B993}.Debug|Any CPU.ActiveCfg = Debug|Any CPU
		{EDD48EA1-7C4F-404E-AD3D-F8C44002B993}.Debug|Any CPU.Build.0 = Debug|Any CPU
		{EDD48EA1-7C4F-404E-AD3D-F8C44002B993}.Release|Any CPU.ActiveCfg = Release|Any CPU
		{EDD48EA1-7C4F-404E-AD3D-F8C44002B993}.Release|Any CPU.Build.0 = Release|Any CPU
		{D2B76775-CBB5-4C7C-874B-8EAF47B6EFAF}.Debug|Any CPU.ActiveCfg = Debug|Any CPU
		{D2B76775-CBB5-4C7C-874B-8EAF47B6EFAF}.Debug|Any CPU.Build.0 = Debug|Any CPU
		{D2B76775-CBB5-4C7C-874B-8EAF47B6EFAF}.Release|Any CPU.ActiveCfg = Release|Any CPU
		{D2B76775-CBB5-4C7C-874B-8EAF47B6EFAF}.Release|Any CPU.Build.0 = Release|Any CPU
		{04FAE6B9-37D2-4519-9C79-E0BDF303B4C5}.Debug|Any CPU.ActiveCfg = Debug|Any CPU
		{04FAE6B9-37D2-4519-9C79-E0BDF303B4C5}.Debug|Any CPU.Build.0 = Debug|Any CPU
		{04FAE6B9-37D2-4519-9C79-E0BDF303B4C5}.Release|Any CPU.ActiveCfg = Release|Any CPU
		{04FAE6B9-37D2-4519-9C79-E0BDF303B4C5}.Release|Any CPU.Build.0 = Release|Any CPU
		{F89DE8F3-4CEE-4354-922A-840E736659FE}.Debug|Any CPU.ActiveCfg = Debug|Any CPU
		{F89DE8F3-4CEE-4354-922A-840E736659FE}.Debug|Any CPU.Build.0 = Debug|Any CPU
		{F89DE8F3-4CEE-4354-922A-840E736659FE}.Release|Any CPU.ActiveCfg = Release|Any CPU
		{F89DE8F3-4CEE-4354-922A-840E736659FE}.Release|Any CPU.Build.0 = Release|Any CPU
		{5C22410A-8862-4BA4-92F3-3B21C6C63206}.Debug|Any CPU.ActiveCfg = Debug|Any CPU
		{5C22410A-8862-4BA4-92F3-3B21C6C63206}.Debug|Any CPU.Build.0 = Debug|Any CPU
		{5C22410A-8862-4BA4-92F3-3B21C6C63206}.Release|Any CPU.ActiveCfg = Release|Any CPU
		{5C22410A-8862-4BA4-92F3-3B21C6C63206}.Release|Any CPU.Build.0 = Release|Any CPU
		{24D3F6E4-36AC-414B-BC51-08731602A6F2}.Debug|Any CPU.ActiveCfg = Debug|Any CPU
		{24D3F6E4-36AC-414B-BC51-08731602A6F2}.Debug|Any CPU.Build.0 = Debug|Any CPU
		{24D3F6E4-36AC-414B-BC51-08731602A6F2}.Release|Any CPU.ActiveCfg = Release|Any CPU
		{24D3F6E4-36AC-414B-BC51-08731602A6F2}.Release|Any CPU.Build.0 = Release|Any CPU
	EndGlobalSection
	GlobalSection(SolutionProperties) = preSolution
		HideSolutionNode = FALSE
	EndGlobalSection
	GlobalSection(ExtensibilityGlobals) = postSolution
		SolutionGuid = {DA158766-6B17-42FA-8C9E-4F5A1682FA61}
	EndGlobalSection
EndGlobal
